// !$*UTF8*$!
{
	archiveVersion = 1;
	classes = {
	};
	objectVersion = 50;
	objects = {

/* Begin PBXBuildFile section */
		FF1E533A245DF0EE00C4DA64 /* AppDelegate.swift in Sources */ = {isa = PBXBuildFile; fileRef = FF1E5339245DF0EE00C4DA64 /* AppDelegate.swift */; };
		FF1E533C245DF0EE00C4DA64 /* SceneDelegate.swift in Sources */ = {isa = PBXBuildFile; fileRef = FF1E533B245DF0EE00C4DA64 /* SceneDelegate.swift */; };
		FF1E533E245DF0EE00C4DA64 /* ViewController.swift in Sources */ = {isa = PBXBuildFile; fileRef = FF1E533D245DF0EE00C4DA64 /* ViewController.swift */; };
		FF1E5341245DF0EE00C4DA64 /* Main.storyboard in Resources */ = {isa = PBXBuildFile; fileRef = FF1E533F245DF0EE00C4DA64 /* Main.storyboard */; };
		FF1E5343245DF0F200C4DA64 /* Assets.xcassets in Resources */ = {isa = PBXBuildFile; fileRef = FF1E5342245DF0F200C4DA64 /* Assets.xcassets */; };
		FF1E5346245DF0F200C4DA64 /* LaunchScreen.storyboard in Resources */ = {isa = PBXBuildFile; fileRef = FF1E5344245DF0F200C4DA64 /* LaunchScreen.storyboard */; };
		FF1E5351245DF0F300C4DA64 /* Final_ProjectTests.swift in Sources */ = {isa = PBXBuildFile; fileRef = FF1E5350245DF0F300C4DA64 /* Final_ProjectTests.swift */; };
		FF1E535C245DF0F300C4DA64 /* Final_ProjectUITests.swift in Sources */ = {isa = PBXBuildFile; fileRef = FF1E535B245DF0F300C4DA64 /* Final_ProjectUITests.swift */; };
		FF1E536A245DF68A00C4DA64 /* Tab1ViewController.swift in Sources */ = {isa = PBXBuildFile; fileRef = FF1E5369245DF68A00C4DA64 /* Tab1ViewController.swift */; };
		FF1E536C245DF6BD00C4DA64 /* Tab2ViewController.swift in Sources */ = {isa = PBXBuildFile; fileRef = FF1E536B245DF6BD00C4DA64 /* Tab2ViewController.swift */; };
/* End PBXBuildFile section */

/* Begin PBXContainerItemProxy section */
		FF1E534D245DF0F300C4DA64 /* PBXContainerItemProxy */ = {
			isa = PBXContainerItemProxy;
			containerPortal = FF1E532E245DF0EE00C4DA64 /* Project object */;
			proxyType = 1;
			remoteGlobalIDString = FF1E5335245DF0EE00C4DA64;
			remoteInfo = "Final Project";
		};
		FF1E5358245DF0F300C4DA64 /* PBXContainerItemProxy */ = {
			isa = PBXContainerItemProxy;
			containerPortal = FF1E532E245DF0EE00C4DA64 /* Project object */;
			proxyType = 1;
			remoteGlobalIDString = FF1E5335245DF0EE00C4DA64;
			remoteInfo = "Final Project";
		};
/* End PBXContainerItemProxy section */

/* Begin PBXFileReference section */
		FF1E5336245DF0EE00C4DA64 /* Final Project.app */ = {isa = PBXFileReference; explicitFileType = wrapper.application; includeInIndex = 0; path = "Final Project.app"; sourceTree = BUILT_PRODUCTS_DIR; };
		FF1E5339245DF0EE00C4DA64 /* AppDelegate.swift */ = {isa = PBXFileReference; lastKnownFileType = sourcecode.swift; path = AppDelegate.swift; sourceTree = "<group>"; };
		FF1E533B245DF0EE00C4DA64 /* SceneDelegate.swift */ = {isa = PBXFileReference; lastKnownFileType = sourcecode.swift; path = SceneDelegate.swift; sourceTree = "<group>"; };
		FF1E533D245DF0EE00C4DA64 /* ViewController.swift */ = {isa = PBXFileReference; lastKnownFileType = sourcecode.swift; path = ViewController.swift; sourceTree = "<group>"; };
		FF1E5340245DF0EE00C4DA64 /* Base */ = {isa = PBXFileReference; lastKnownFileType = file.storyboard; name = Base; path = Base.lproj/Main.storyboard; sourceTree = "<group>"; };
		FF1E5342245DF0F200C4DA64 /* Assets.xcassets */ = {isa = PBXFileReference; lastKnownFileType = folder.assetcatalog; path = Assets.xcassets; sourceTree = "<group>"; };
		FF1E5345245DF0F200C4DA64 /* Base */ = {isa = PBXFileReference; lastKnownFileType = file.storyboard; name = Base; path = Base.lproj/LaunchScreen.storyboard; sourceTree = "<group>"; };
		FF1E5347245DF0F200C4DA64 /* Info.plist */ = {isa = PBXFileReference; lastKnownFileType = text.plist.xml; path = Info.plist; sourceTree = "<group>"; };
		FF1E534C245DF0F300C4DA64 /* Final ProjectTests.xctest */ = {isa = PBXFileReference; explicitFileType = wrapper.cfbundle; includeInIndex = 0; path = "Final ProjectTests.xctest"; sourceTree = BUILT_PRODUCTS_DIR; };
		FF1E5350245DF0F300C4DA64 /* Final_ProjectTests.swift */ = {isa = PBXFileReference; lastKnownFileType = sourcecode.swift; path = Final_ProjectTests.swift; sourceTree = "<group>"; };
		FF1E5352245DF0F300C4DA64 /* Info.plist */ = {isa = PBXFileReference; lastKnownFileType = text.plist.xml; path = Info.plist; sourceTree = "<group>"; };
		FF1E5357245DF0F300C4DA64 /* Final ProjectUITests.xctest */ = {isa = PBXFileReference; explicitFileType = wrapper.cfbundle; includeInIndex = 0; path = "Final ProjectUITests.xctest"; sourceTree = BUILT_PRODUCTS_DIR; };
		FF1E535B245DF0F300C4DA64 /* Final_ProjectUITests.swift */ = {isa = PBXFileReference; lastKnownFileType = sourcecode.swift; path = Final_ProjectUITests.swift; sourceTree = "<group>"; };
		FF1E535D245DF0F300C4DA64 /* Info.plist */ = {isa = PBXFileReference; lastKnownFileType = text.plist.xml; path = Info.plist; sourceTree = "<group>"; };
		FF1E5369245DF68A00C4DA64 /* Tab1ViewController.swift */ = {isa = PBXFileReference; lastKnownFileType = sourcecode.swift; path = Tab1ViewController.swift; sourceTree = "<group>"; };
		FF1E536B245DF6BD00C4DA64 /* Tab2ViewController.swift */ = {isa = PBXFileReference; lastKnownFileType = sourcecode.swift; path = Tab2ViewController.swift; sourceTree = "<group>"; };
/* End PBXFileReference section */

/* Begin PBXFrameworksBuildPhase section */
		FF1E5333245DF0EE00C4DA64 /* Frameworks */ = {
			isa = PBXFrameworksBuildPhase;
			buildActionMask = 2147483647;
			files = (
			);
			runOnlyForDeploymentPostprocessing = 0;
		};
		FF1E5349245DF0F300C4DA64 /* Frameworks */ = {
			isa = PBXFrameworksBuildPhase;
			buildActionMask = 2147483647;
			files = (
			);
			runOnlyForDeploymentPostprocessing = 0;
		};
		FF1E5354245DF0F300C4DA64 /* Frameworks */ = {
			isa = PBXFrameworksBuildPhase;
			buildActionMask = 2147483647;
			files = (
			);
			runOnlyForDeploymentPostprocessing = 0;
		};
/* End PBXFrameworksBuildPhase section */

/* Begin PBXGroup section */
		FF1E532D245DF0EE00C4DA64 = {
			isa = PBXGroup;
			children = (
				FF1E5338245DF0EE00C4DA64 /* Final Project */,
				FF1E534F245DF0F300C4DA64 /* Final ProjectTests */,
				FF1E535A245DF0F300C4DA64 /* Final ProjectUITests */,
				FF1E5337245DF0EE00C4DA64 /* Products */,
			);
			sourceTree = "<group>";
		};
		FF1E5337245DF0EE00C4DA64 /* Products */ = {
			isa = PBXGroup;
			children = (
				FF1E5336245DF0EE00C4DA64 /* Final Project.app */,
				FF1E534C245DF0F300C4DA64 /* Final ProjectTests.xctest */,
				FF1E5357245DF0F300C4DA64 /* Final ProjectUITests.xctest */,
			);
			name = Products;
			sourceTree = "<group>";
		};
		FF1E5338245DF0EE00C4DA64 /* Final Project */ = {
			isa = PBXGroup;
			children = (
				FF1E5339245DF0EE00C4DA64 /* AppDelegate.swift */,
				FF1E533B245DF0EE00C4DA64 /* SceneDelegate.swift */,
				FF1E533D245DF0EE00C4DA64 /* ViewController.swift */,
				FF1E533F245DF0EE00C4DA64 /* Main.storyboard */,
				FF1E5369245DF68A00C4DA64 /* Tab1ViewController.swift */,
				FF1E536B245DF6BD00C4DA64 /* Tab2ViewController.swift */,
				FF1E5342245DF0F200C4DA64 /* Assets.xcassets */,
				FF1E5344245DF0F200C4DA64 /* LaunchScreen.storyboard */,
				FF1E5347245DF0F200C4DA64 /* Info.plist */,
			);
			path = "Final Project";
			sourceTree = "<group>";
		};
		FF1E534F245DF0F300C4DA64 /* Final ProjectTests */ = {
			isa = PBXGroup;
			children = (
				FF1E5350245DF0F300C4DA64 /* Final_ProjectTests.swift */,
				FF1E5352245DF0F300C4DA64 /* Info.plist */,
			);
			path = "Final ProjectTests";
			sourceTree = "<group>";
		};
		FF1E535A245DF0F300C4DA64 /* Final ProjectUITests */ = {
			isa = PBXGroup;
			children = (
				FF1E535B245DF0F300C4DA64 /* Final_ProjectUITests.swift */,
				FF1E535D245DF0F300C4DA64 /* Info.plist */,
			);
			path = "Final ProjectUITests";
			sourceTree = "<group>";
		};
/* End PBXGroup section */

/* Begin PBXNativeTarget section */
		FF1E5335245DF0EE00C4DA64 /* Final Project */ = {
			isa = PBXNativeTarget;
			buildConfigurationList = FF1E5360245DF0F300C4DA64 /* Build configuration list for PBXNativeTarget "Final Project" */;
			buildPhases = (
				FF1E5332245DF0EE00C4DA64 /* Sources */,
				FF1E5333245DF0EE00C4DA64 /* Frameworks */,
				FF1E5334245DF0EE00C4DA64 /* Resources */,
			);
			buildRules = (
			);
			dependencies = (
			);
			name = "Final Project";
			productName = "Final Project";
			productReference = FF1E5336245DF0EE00C4DA64 /* Final Project.app */;
			productType = "com.apple.product-type.application";
		};
		FF1E534B245DF0F300C4DA64 /* Final ProjectTests */ = {
			isa = PBXNativeTarget;
			buildConfigurationList = FF1E5363245DF0F300C4DA64 /* Build configuration list for PBXNativeTarget "Final ProjectTests" */;
			buildPhases = (
				FF1E5348245DF0F300C4DA64 /* Sources */,
				FF1E5349245DF0F300C4DA64 /* Frameworks */,
				FF1E534A245DF0F300C4DA64 /* Resources */,
			);
			buildRules = (
			);
			dependencies = (
				FF1E534E245DF0F300C4DA64 /* PBXTargetDependency */,
			);
			name = "Final ProjectTests";
			productName = "Final ProjectTests";
			productReference = FF1E534C245DF0F300C4DA64 /* Final ProjectTests.xctest */;
			productType = "com.apple.product-type.bundle.unit-test";
		};
		FF1E5356245DF0F300C4DA64 /* Final ProjectUITests */ = {
			isa = PBXNativeTarget;
			buildConfigurationList = FF1E5366245DF0F300C4DA64 /* Build configuration list for PBXNativeTarget "Final ProjectUITests" */;
			buildPhases = (
				FF1E5353245DF0F300C4DA64 /* Sources */,
				FF1E5354245DF0F300C4DA64 /* Frameworks */,
				FF1E5355245DF0F300C4DA64 /* Resources */,
			);
			buildRules = (
			);
			dependencies = (
				FF1E5359245DF0F300C4DA64 /* PBXTargetDependency */,
			);
			name = "Final ProjectUITests";
			productName = "Final ProjectUITests";
			productReference = FF1E5357245DF0F300C4DA64 /* Final ProjectUITests.xctest */;
			productType = "com.apple.product-type.bundle.ui-testing";
		};
/* End PBXNativeTarget section */

/* Begin PBXProject section */
		FF1E532E245DF0EE00C4DA64 /* Project object */ = {
			isa = PBXProject;
			attributes = {
				LastSwiftUpdateCheck = 1130;
				LastUpgradeCheck = 1130;
				ORGANIZATIONNAME = "Jakob Sabatula";
				TargetAttributes = {
					FF1E5335245DF0EE00C4DA64 = {
						CreatedOnToolsVersion = 11.3.1;
					};
					FF1E534B245DF0F300C4DA64 = {
						CreatedOnToolsVersion = 11.3.1;
						TestTargetID = FF1E5335245DF0EE00C4DA64;
					};
					FF1E5356245DF0F300C4DA64 = {
						CreatedOnToolsVersion = 11.3.1;
						TestTargetID = FF1E5335245DF0EE00C4DA64;
					};
				};
			};
			buildConfigurationList = FF1E5331245DF0EE00C4DA64 /* Build configuration list for PBXProject "Final Project" */;
			compatibilityVersion = "Xcode 9.3";
			developmentRegion = en;
			hasScannedForEncodings = 0;
			knownRegions = (
				en,
				Base,
			);
			mainGroup = FF1E532D245DF0EE00C4DA64;
			productRefGroup = FF1E5337245DF0EE00C4DA64 /* Products */;
			projectDirPath = "";
			projectRoot = "";
			targets = (
				FF1E5335245DF0EE00C4DA64 /* Final Project */,
				FF1E534B245DF0F300C4DA64 /* Final ProjectTests */,
				FF1E5356245DF0F300C4DA64 /* Final ProjectUITests */,
			);
		};
/* End PBXProject section */

/* Begin PBXResourcesBuildPhase section */
		FF1E5334245DF0EE00C4DA64 /* Resources */ = {
			isa = PBXResourcesBuildPhase;
			buildActionMask = 2147483647;
			files = (
				FF1E5346245DF0F200C4DA64 /* LaunchScreen.storyboard in Resources */,
				FF1E5343245DF0F200C4DA64 /* Assets.xcassets in Resources */,
				FF1E5341245DF0EE00C4DA64 /* Main.storyboard in Resources */,
			);
			runOnlyForDeploymentPostprocessing = 0;
		};
		FF1E534A245DF0F300C4DA64 /* Resources */ = {
			isa = PBXResourcesBuildPhase;
			buildActionMask = 2147483647;
			files = (
			);
			runOnlyForDeploymentPostprocessing = 0;
		};
		FF1E5355245DF0F300C4DA64 /* Resources */ = {
			isa = PBXResourcesBuildPhase;
			buildActionMask = 2147483647;
			files = (
			);
			runOnlyForDeploymentPostprocessing = 0;
		};
/* End PBXResourcesBuildPhase section */

/* Begin PBXSourcesBuildPhase section */
		FF1E5332245DF0EE00C4DA64 /* Sources */ = {
			isa = PBXSourcesBuildPhase;
			buildActionMask = 2147483647;
			files = (
				FF1E533E245DF0EE00C4DA64 /* ViewController.swift in Sources */,
				FF1E533A245DF0EE00C4DA64 /* AppDelegate.swift in Sources */,
				FF1E536A245DF68A00C4DA64 /* Tab1ViewController.swift in Sources */,
				FF1E536C245DF6BD00C4DA64 /* Tab2ViewController.swift in Sources */,
				FF1E533C245DF0EE00C4DA64 /* SceneDelegate.swift in Sources */,
			);
			runOnlyForDeploymentPostprocessing = 0;
		};
		FF1E5348245DF0F300C4DA64 /* Sources */ = {
			isa = PBXSourcesBuildPhase;
			buildActionMask = 2147483647;
			files = (
				FF1E5351245DF0F300C4DA64 /* Final_ProjectTests.swift in Sources */,
			);
			runOnlyForDeploymentPostprocessing = 0;
		};
		FF1E5353245DF0F300C4DA64 /* Sources */ = {
			isa = PBXSourcesBuildPhase;
			buildActionMask = 2147483647;
			files = (
				FF1E535C245DF0F300C4DA64 /* Final_ProjectUITests.swift in Sources */,
			);
			runOnlyForDeploymentPostprocessing = 0;
		};
/* End PBXSourcesBuildPhase section */

/* Begin PBXTargetDependency section */
		FF1E534E245DF0F300C4DA64 /* PBXTargetDependency */ = {
			isa = PBXTargetDependency;
			target = FF1E5335245DF0EE00C4DA64 /* Final Project */;
			targetProxy = FF1E534D245DF0F300C4DA64 /* PBXContainerItemProxy */;
		};
		FF1E5359245DF0F300C4DA64 /* PBXTargetDependency */ = {
			isa = PBXTargetDependency;
			target = FF1E5335245DF0EE00C4DA64 /* Final Project */;
			targetProxy = FF1E5358245DF0F300C4DA64 /* PBXContainerItemProxy */;
		};
/* End PBXTargetDependency section */

/* Begin PBXVariantGroup section */
		FF1E533F245DF0EE00C4DA64 /* Main.storyboard */ = {
			isa = PBXVariantGroup;
			children = (
				FF1E5340245DF0EE00C4DA64 /* Base */,
			);
			name = Main.storyboard;
			sourceTree = "<group>";
		};
		FF1E5344245DF0F200C4DA64 /* LaunchScreen.storyboard */ = {
			isa = PBXVariantGroup;
			children = (
				FF1E5345245DF0F200C4DA64 /* Base */,
			);
			name = LaunchScreen.storyboard;
			sourceTree = "<group>";
		};
/* End PBXVariantGroup section */

/* Begin XCBuildConfiguration section */
		FF1E535E245DF0F300C4DA64 /* Debug */ = {
			isa = XCBuildConfiguration;
			buildSettings = {
				ALWAYS_SEARCH_USER_PATHS = NO;
				CLANG_ANALYZER_NONNULL = YES;
				CLANG_ANALYZER_NUMBER_OBJECT_CONVERSION = YES_AGGRESSIVE;
				CLANG_CXX_LANGUAGE_STANDARD = "gnu++14";
				CLANG_CXX_LIBRARY = "libc++";
				CLANG_ENABLE_MODULES = YES;
				CLANG_ENABLE_OBJC_ARC = YES;
				CLANG_ENABLE_OBJC_WEAK = YES;
				CLANG_WARN_BLOCK_CAPTURE_AUTORELEASING = YES;
				CLANG_WARN_BOOL_CONVERSION = YES;
				CLANG_WARN_COMMA = YES;
				CLANG_WARN_CONSTANT_CONVERSION = YES;
				CLANG_WARN_DEPRECATED_OBJC_IMPLEMENTATIONS = YES;
				CLANG_WARN_DIRECT_OBJC_ISA_USAGE = YES_ERROR;
				CLANG_WARN_DOCUMENTATION_COMMENTS = YES;
				CLANG_WARN_EMPTY_BODY = YES;
				CLANG_WARN_ENUM_CONVERSION = YES;
				CLANG_WARN_INFINITE_RECURSION = YES;
				CLANG_WARN_INT_CONVERSION = YES;
				CLANG_WARN_NON_LITERAL_NULL_CONVERSION = YES;
				CLANG_WARN_OBJC_IMPLICIT_RETAIN_SELF = YES;
				CLANG_WARN_OBJC_LITERAL_CONVERSION = YES;
				CLANG_WARN_OBJC_ROOT_CLASS = YES_ERROR;
				CLANG_WARN_RANGE_LOOP_ANALYSIS = YES;
				CLANG_WARN_STRICT_PROTOTYPES = YES;
				CLANG_WARN_SUSPICIOUS_MOVE = YES;
				CLANG_WARN_UNGUARDED_AVAILABILITY = YES_AGGRESSIVE;
				CLANG_WARN_UNREACHABLE_CODE = YES;
				CLANG_WARN__DUPLICATE_METHOD_MATCH = YES;
				COPY_PHASE_STRIP = NO;
				DEBUG_INFORMATION_FORMAT = dwarf;
				ENABLE_STRICT_OBJC_MSGSEND = YES;
				ENABLE_TESTABILITY = YES;
				GCC_C_LANGUAGE_STANDARD = gnu11;
				GCC_DYNAMIC_NO_PIC = NO;
				GCC_NO_COMMON_BLOCKS = YES;
				GCC_OPTIMIZATION_LEVEL = 0;
				GCC_PREPROCESSOR_DEFINITIONS = (
					"DEBUG=1",
					"$(inherited)",
				);
				GCC_WARN_64_TO_32_BIT_CONVERSION = YES;
				GCC_WARN_ABOUT_RETURN_TYPE = YES_ERROR;
				GCC_WARN_UNDECLARED_SELECTOR = YES;
				GCC_WARN_UNINITIALIZED_AUTOS = YES_AGGRESSIVE;
				GCC_WARN_UNUSED_FUNCTION = YES;
				GCC_WARN_UNUSED_VARIABLE = YES;
				IPHONEOS_DEPLOYMENT_TARGET = 13.2;
				MTL_ENABLE_DEBUG_INFO = INCLUDE_SOURCE;
				MTL_FAST_MATH = YES;
				ONLY_ACTIVE_ARCH = YES;
				SDKROOT = iphoneos;
				SWIFT_ACTIVE_COMPILATION_CONDITIONS = DEBUG;
				SWIFT_OPTIMIZATION_LEVEL = "-Onone";
			};
			name = Debug;
		};
		FF1E535F245DF0F300C4DA64 /* Release */ = {
			isa = XCBuildConfiguration;
			buildSettings = {
				ALWAYS_SEARCH_USER_PATHS = NO;
				CLANG_ANALYZER_NONNULL = YES;
				CLANG_ANALYZER_NUMBER_OBJECT_CONVERSION = YES_AGGRESSIVE;
				CLANG_CXX_LANGUAGE_STANDARD = "gnu++14";
				CLANG_CXX_LIBRARY = "libc++";
				CLANG_ENABLE_MODULES = YES;
				CLANG_ENABLE_OBJC_ARC = YES;
				CLANG_ENABLE_OBJC_WEAK = YES;
				CLANG_WARN_BLOCK_CAPTURE_AUTORELEASING = YES;
				CLANG_WARN_BOOL_CONVERSION = YES;
				CLANG_WARN_COMMA = YES;
				CLANG_WARN_CONSTANT_CONVERSION = YES;
				CLANG_WARN_DEPRECATED_OBJC_IMPLEMENTATIONS = YES;
				CLANG_WARN_DIRECT_OBJC_ISA_USAGE = YES_ERROR;
				CLANG_WARN_DOCUMENTATION_COMMENTS = YES;
				CLANG_WARN_EMPTY_BODY = YES;
				CLANG_WARN_ENUM_CONVERSION = YES;
				CLANG_WARN_INFINITE_RECURSION = YES;
				CLANG_WARN_INT_CONVERSION = YES;
				CLANG_WARN_NON_LITERAL_NULL_CONVERSION = YES;
				CLANG_WARN_OBJC_IMPLICIT_RETAIN_SELF = YES;
				CLANG_WARN_OBJC_LITERAL_CONVERSION = YES;
				CLANG_WARN_OBJC_ROOT_CLASS = YES_ERROR;
				CLANG_WARN_RANGE_LOOP_ANALYSIS = YES;
				CLANG_WARN_STRICT_PROTOTYPES = YES;
				CLANG_WARN_SUSPICIOUS_MOVE = YES;
				CLANG_WARN_UNGUARDED_AVAILABILITY = YES_AGGRESSIVE;
				CLANG_WARN_UNREACHABLE_CODE = YES;
				CLANG_WARN__DUPLICATE_METHOD_MATCH = YES;
				COPY_PHASE_STRIP = NO;
				DEBUG_INFORMATION_FORMAT = "dwarf-with-dsym";
				ENABLE_NS_ASSERTIONS = NO;
				ENABLE_STRICT_OBJC_MSGSEND = YES;
				GCC_C_LANGUAGE_STANDARD = gnu11;
				GCC_NO_COMMON_BLOCKS = YES;
				GCC_WARN_64_TO_32_BIT_CONVERSION = YES;
				GCC_WARN_ABOUT_RETURN_TYPE = YES_ERROR;
				GCC_WARN_UNDECLARED_SELECTOR = YES;
				GCC_WARN_UNINITIALIZED_AUTOS = YES_AGGRESSIVE;
				GCC_WARN_UNUSED_FUNCTION = YES;
				GCC_WARN_UNUSED_VARIABLE = YES;
				IPHONEOS_DEPLOYMENT_TARGET = 13.2;
				MTL_ENABLE_DEBUG_INFO = NO;
				MTL_FAST_MATH = YES;
				SDKROOT = iphoneos;
				SWIFT_COMPILATION_MODE = wholemodule;
				SWIFT_OPTIMIZATION_LEVEL = "-O";
				VALIDATE_PRODUCT = YES;
			};
			name = Release;
		};
		FF1E5361245DF0F300C4DA64 /* Debug */ = {
			isa = XCBuildConfiguration;
			buildSettings = {
				ASSETCATALOG_COMPILER_APPICON_NAME = AppIcon;
				CODE_SIGN_STYLE = Automatic;
				INFOPLIST_FILE = "Final Project/Info.plist";
				LD_RUNPATH_SEARCH_PATHS = (
					"$(inherited)",
					"@executable_path/Frameworks",
				);
				PRODUCT_BUNDLE_IDENTIFIER = "jakesabatula.com.Final-Project";
				PRODUCT_NAME = "$(TARGET_NAME)";
				SWIFT_VERSION = 5.0;
				TARGETED_DEVICE_FAMILY = "1,2";
			};
			name = Debug;
		};
		FF1E5362245DF0F300C4DA64 /* Release */ = {
			isa = XCBuildConfiguration;
			buildSettings = {
				ASSETCATALOG_COMPILER_APPICON_NAME = AppIcon;
				CODE_SIGN_STYLE = Automatic;
				INFOPLIST_FILE = "Final Project/Info.plist";
				LD_RUNPATH_SEARCH_PATHS = (
					"$(inherited)",
					"@executable_path/Frameworks",
				);
				PRODUCT_BUNDLE_IDENTIFIER = "jakesabatula.com.Final-Project";
				PRODUCT_NAME = "$(TARGET_NAME)";
				SWIFT_VERSION = 5.0;
				TARGETED_DEVICE_FAMILY = "1,2";
			};
			name = Release;
		};
		FF1E5364245DF0F300C4DA64 /* Debug */ = {
			isa = XCBuildConfiguration;
			buildSettings = {
				ALWAYS_EMBED_SWIFT_STANDARD_LIBRARIES = YES;
				BUNDLE_LOADER = "$(TEST_HOST)";
				CODE_SIGN_STYLE = Automatic;
				INFOPLIST_FILE = "Final ProjectTests/Info.plist";
				IPHONEOS_DEPLOYMENT_TARGET = 13.2;
				LD_RUNPATH_SEARCH_PATHS = (
					"$(inherited)",
					"@executable_path/Frameworks",
					"@loader_path/Frameworks",
				);
				PRODUCT_BUNDLE_IDENTIFIER = "jakesabatula.com.Final-ProjectTests";
				PRODUCT_NAME = "$(TARGET_NAME)";
				SWIFT_VERSION = 5.0;
				TARGETED_DEVICE_FAMILY = "1,2";
				TEST_HOST = "$(BUILT_PRODUCTS_DIR)/Final Project.app/Final Project";
			};
			name = Debug;
		};
		FF1E5365245DF0F300C4DA64 /* Release */ = {
			isa = XCBuildConfiguration;
			buildSettings = {
				ALWAYS_EMBED_SWIFT_STANDARD_LIBRARIES = YES;
				BUNDLE_LOADER = "$(TEST_HOST)";
				CODE_SIGN_STYLE = Automatic;
				INFOPLIST_FILE = "Final ProjectTests/Info.plist";
				IPHONEOS_DEPLOYMENT_TARGET = 13.2;
				LD_RUNPATH_SEARCH_PATHS = (
					"$(inherited)",
					"@executable_path/Frameworks",
					"@loader_path/Frameworks",
				);
				PRODUCT_BUNDLE_IDENTIFIER = "jakesabatula.com.Final-ProjectTests";
				PRODUCT_NAME = "$(TARGET_NAME)";
				SWIFT_VERSION = 5.0;
				TARGETED_DEVICE_FAMILY = "1,2";
				TEST_HOST = "$(BUILT_PRODUCTS_DIR)/Final Project.app/Final Project";
			};
			name = Release;
		};
		FF1E5367245DF0F300C4DA64 /* Debug */ = {
			isa = XCBuildConfiguration;
			buildSettings = {
				ALWAYS_EMBED_SWIFT_STANDARD_LIBRARIES = YES;
				CODE_SIGN_STYLE = Automatic;
				INFOPLIST_FILE = "Final ProjectUITests/Info.plist";
				LD_RUNPATH_SEARCH_PATHS = (
					"$(inherited)",
					"@executable_path/Frameworks",
					"@loader_path/Frameworks",
				);
				PRODUCT_BUNDLE_IDENTIFIER = "jakesabatula.com.Final-ProjectUITests";
				PRODUCT_NAME = "$(TARGET_NAME)";
				SWIFT_VERSION = 5.0;
				TARGETED_DEVICE_FAMILY = "1,2";
				TEST_TARGET_NAME = "Final Project";
			};
			name = Debug;
		};
		FF1E5368245DF0F300C4DA64 /* Release */ = {
			isa = XCBuildConfiguration;
			buildSettings = {
				ALWAYS_EMBED_SWIFT_STANDARD_LIBRARIES = YES;
				CODE_SIGN_STYLE = Automatic;
				INFOPLIST_FILE = "Final ProjectUITests/Info.plist";
				LD_RUNPATH_SEARCH_PATHS = (
					"$(inherited)",
					"@executable_path/Frameworks",
					"@loader_path/Frameworks",
				);
				PRODUCT_BUNDLE_IDENTIFIER = "jakesabatula.com.Final-ProjectUITests";
				PRODUCT_NAME = "$(TARGET_NAME)";
				SWIFT_VERSION = 5.0;
				TARGETED_DEVICE_FAMILY = "1,2";
				TEST_TARGET_NAME = "Final Project";
			};
			name = Release;
		};
/* End XCBuildConfiguration section */

/* Begin XCConfigurationList section */
		FF1E5331245DF0EE00C4DA64 /* Build configuration list for PBXProject "Final Project" */ = {
			isa = XCConfigurationList;
			buildConfigurations = (
				FF1E535E245DF0F300C4DA64 /* Debug */,
				FF1E535F245DF0F300C4DA64 /* Release */,
			);
			defaultConfigurationIsVisible = 0;
			defaultConfigurationName = Release;
		};
		FF1E5360245DF0F300C4DA64 /* Build configuration list for PBXNativeTarget "Final Project" */ = {
			isa = XCConfigurationList;
			buildConfigurations = (
				FF1E5361245DF0F300C4DA64 /* Debug */,
				FF1E5362245DF0F300C4DA64 /* Release */,
			);
			defaultConfigurationIsVisible = 0;
			defaultConfigurationName = Release;
		};
		FF1E5363245DF0F300C4DA64 /* Build configuration list for PBXNativeTarget "Final ProjectTests" */ = {
			isa = XCConfigurationList;
			buildConfigurations = (
				FF1E5364245DF0F300C4DA64 /* Debug */,
				FF1E5365245DF0F300C4DA64 /* Release */,
			);
			defaultConfigurationIsVisible = 0;
			defaultConfigurationName = Release;
		};
		FF1E5366245DF0F300C4DA64 /* Build configuration list for PBXNativeTarget "Final ProjectUITests" */ = {
			isa = XCConfigurationList;
			buildConfigurations = (
				FF1E5367245DF0F300C4DA64 /* Debug */,
				FF1E5368245DF0F300C4DA64 /* Release */,
			);
			defaultConfigurationIsVisible = 0;
			defaultConfigurationName = Release;
		};
/* End XCConfigurationList section */
	};
	rootObject = FF1E532E245DF0EE00C4DA64 /* Project object */;
}
